// !$*UTF8*$!
{
	archiveVersion = 1;
	classes = {
	};
	objectVersion = 46;
	objects = {

/* Begin PBXBuildFile section */
		84375FD01AC6C0DA008662F2 /* Crashlytics.framework in Frameworks */ = {isa = PBXBuildFile; fileRef = 84375FCE1AC6C0DA008662F2 /* Crashlytics.framework */; };
		84375FD11AC6C0DA008662F2 /* Fabric.framework in Frameworks */ = {isa = PBXBuildFile; fileRef = 84375FCF1AC6C0DA008662F2 /* Fabric.framework */; };
		84375FE01AC79577008662F2 /* Launch Screen.xib in Resources */ = {isa = PBXBuildFile; fileRef = 84375FDF1AC79577008662F2 /* Launch Screen.xib */; };
		84375FE51AC920F6008662F2 /* icon-29.png in Resources */ = {isa = PBXBuildFile; fileRef = 84375FE31AC920F6008662F2 /* icon-29.png */; };
		84375FE61AC920F6008662F2 /* icon-58.png in Resources */ = {isa = PBXBuildFile; fileRef = 84375FE41AC920F6008662F2 /* icon-58.png */; };
		8475D1271ABB916F001390F2 /* TCCardView.xib in Resources */ = {isa = PBXBuildFile; fileRef = 8475D1261ABB916F001390F2 /* TCCardView.xib */; };
		8475D12A1ABBBDE0001390F2 /* TCCard.m in Sources */ = {isa = PBXBuildFile; fileRef = 8475D1291ABBBDE0001390F2 /* TCCard.m */; };
		8475D12F1ABCF600001390F2 /* TCEditDeckVC.m in Sources */ = {isa = PBXBuildFile; fileRef = 8475D12E1ABCF600001390F2 /* TCEditDeckVC.m */; };
		8475D1321ABD0A1C001390F2 /* TCDeck.m in Sources */ = {isa = PBXBuildFile; fileRef = 8475D1311ABD0A1C001390F2 /* TCDeck.m */; };
		8475D1381ABD0D7C001390F2 /* TCEditCardVC.m in Sources */ = {isa = PBXBuildFile; fileRef = 8475D1371ABD0D7C001390F2 /* TCEditCardVC.m */; };
		8475D13E1AC0D0FD001390F2 /* TCSelectDeckVC.m in Sources */ = {isa = PBXBuildFile; fileRef = 8475D13D1AC0D0FD001390F2 /* TCSelectDeckVC.m */; };
		8475D1411AC10F50001390F2 /* TCPortraitNC.m in Sources */ = {isa = PBXBuildFile; fileRef = 8475D1401AC10F50001390F2 /* TCPortraitNC.m */; };
		84AA5C4A1AC529E700F6AAE0 /* TCDeckManager.m in Sources */ = {isa = PBXBuildFile; fileRef = 84AA5C491AC529E700F6AAE0 /* TCDeckManager.m */; };
		84F9E8B51AC37DC1003D52E9 /* TCCardSwipeNC.m in Sources */ = {isa = PBXBuildFile; fileRef = 84F9E8B41AC37DC1003D52E9 /* TCCardSwipeNC.m */; };
		99B7AE99192D50D500C1B49C /* Foundation.framework in Frameworks */ = {isa = PBXBuildFile; fileRef = 99B7AE98192D50D500C1B49C /* Foundation.framework */; };
		99B7AE9B192D50D500C1B49C /* CoreGraphics.framework in Frameworks */ = {isa = PBXBuildFile; fileRef = 99B7AE9A192D50D500C1B49C /* CoreGraphics.framework */; };
		99B7AE9D192D50D500C1B49C /* UIKit.framework in Frameworks */ = {isa = PBXBuildFile; fileRef = 99B7AE9C192D50D500C1B49C /* UIKit.framework */; };
		99B7AEA3192D50D500C1B49C /* InfoPlist.strings in Resources */ = {isa = PBXBuildFile; fileRef = 99B7AEA1192D50D500C1B49C /* InfoPlist.strings */; };
		99B7AEA5192D50D500C1B49C /* main.m in Sources */ = {isa = PBXBuildFile; fileRef = 99B7AEA4192D50D500C1B49C /* main.m */; };
		99B7AEA9192D50D500C1B49C /* TCAppDelegate.m in Sources */ = {isa = PBXBuildFile; fileRef = 99B7AEA8192D50D500C1B49C /* TCAppDelegate.m */; };
		99B7AEAC192D50D500C1B49C /* Main.storyboard in Resources */ = {isa = PBXBuildFile; fileRef = 99B7AEAA192D50D500C1B49C /* Main.storyboard */; };
		99B7AEAF192D50D500C1B49C /* TCCardSwipeVC.m in Sources */ = {isa = PBXBuildFile; fileRef = 99B7AEAE192D50D500C1B49C /* TCCardSwipeVC.m */; };
		99B7AEB1192D50D500C1B49C /* Images.xcassets in Resources */ = {isa = PBXBuildFile; fileRef = 99B7AEB0192D50D500C1B49C /* Images.xcassets */; };
		99B7AECF192D513800C1B49C /* TCCardView.m in Sources */ = {isa = PBXBuildFile; fileRef = 99B7AECE192D513800C1B49C /* TCCardView.m */; };
/* End PBXBuildFile section */

/* Begin PBXFileReference section */
		84375FCE1AC6C0DA008662F2 /* Crashlytics.framework */ = {isa = PBXFileReference; lastKnownFileType = wrapper.framework; path = Crashlytics.framework; sourceTree = "<group>"; };
		84375FCF1AC6C0DA008662F2 /* Fabric.framework */ = {isa = PBXFileReference; lastKnownFileType = wrapper.framework; path = Fabric.framework; sourceTree = "<group>"; };
		84375FDF1AC79577008662F2 /* Launch Screen.xib */ = {isa = PBXFileReference; fileEncoding = 4; lastKnownFileType = file.xib; path = "Launch Screen.xib"; sourceTree = "<group>"; };
		84375FE31AC920F6008662F2 /* icon-29.png */ = {isa = PBXFileReference; lastKnownFileType = image.png; path = "icon-29.png"; sourceTree = "<group>"; };
		84375FE41AC920F6008662F2 /* icon-58.png */ = {isa = PBXFileReference; lastKnownFileType = image.png; path = "icon-58.png"; sourceTree = "<group>"; };
		8475D1261ABB916F001390F2 /* TCCardView.xib */ = {isa = PBXFileReference; fileEncoding = 4; lastKnownFileType = file.xib; path = TCCardView.xib; sourceTree = "<group>"; };
		8475D1281ABBBDE0001390F2 /* TCCard.h */ = {isa = PBXFileReference; fileEncoding = 4; lastKnownFileType = sourcecode.c.h; path = TCCard.h; sourceTree = "<group>"; };
		8475D1291ABBBDE0001390F2 /* TCCard.m */ = {isa = PBXFileReference; fileEncoding = 4; lastKnownFileType = sourcecode.c.objc; path = TCCard.m; sourceTree = "<group>"; };
		8475D12D1ABCF600001390F2 /* TCEditDeckVC.h */ = {isa = PBXFileReference; fileEncoding = 4; lastKnownFileType = sourcecode.c.h; path = TCEditDeckVC.h; sourceTree = "<group>"; };
		8475D12E1ABCF600001390F2 /* TCEditDeckVC.m */ = {isa = PBXFileReference; fileEncoding = 4; lastKnownFileType = sourcecode.c.objc; path = TCEditDeckVC.m; sourceTree = "<group>"; };
		8475D1301ABD0A1C001390F2 /* TCDeck.h */ = {isa = PBXFileReference; fileEncoding = 4; lastKnownFileType = sourcecode.c.h; path = TCDeck.h; sourceTree = "<group>"; };
		8475D1311ABD0A1C001390F2 /* TCDeck.m */ = {isa = PBXFileReference; fileEncoding = 4; lastKnownFileType = sourcecode.c.objc; path = TCDeck.m; sourceTree = "<group>"; };
		8475D1361ABD0D7C001390F2 /* TCEditCardVC.h */ = {isa = PBXFileReference; fileEncoding = 4; lastKnownFileType = sourcecode.c.h; path = TCEditCardVC.h; sourceTree = "<group>"; };
		8475D1371ABD0D7C001390F2 /* TCEditCardVC.m */ = {isa = PBXFileReference; fileEncoding = 4; lastKnownFileType = sourcecode.c.objc; path = TCEditCardVC.m; sourceTree = "<group>"; };
		8475D13C1AC0D0FD001390F2 /* TCSelectDeckVC.h */ = {isa = PBXFileReference; fileEncoding = 4; lastKnownFileType = sourcecode.c.h; path = TCSelectDeckVC.h; sourceTree = "<group>"; };
		8475D13D1AC0D0FD001390F2 /* TCSelectDeckVC.m */ = {isa = PBXFileReference; fileEncoding = 4; lastKnownFileType = sourcecode.c.objc; path = TCSelectDeckVC.m; sourceTree = "<group>"; };
		8475D13F1AC10F50001390F2 /* TCPortraitNC.h */ = {isa = PBXFileReference; fileEncoding = 4; lastKnownFileType = sourcecode.c.h; path = TCPortraitNC.h; sourceTree = "<group>"; };
		8475D1401AC10F50001390F2 /* TCPortraitNC.m */ = {isa = PBXFileReference; fileEncoding = 4; lastKnownFileType = sourcecode.c.objc; path = TCPortraitNC.m; sourceTree = "<group>"; };
		84AA5C481AC529E700F6AAE0 /* TCDeckManager.h */ = {isa = PBXFileReference; fileEncoding = 4; lastKnownFileType = sourcecode.c.h; path = TCDeckManager.h; sourceTree = "<group>"; };
		84AA5C491AC529E700F6AAE0 /* TCDeckManager.m */ = {isa = PBXFileReference; fileEncoding = 4; lastKnownFileType = sourcecode.c.objc; path = TCDeckManager.m; sourceTree = "<group>"; };
		84F9E8B31AC37DC1003D52E9 /* TCCardSwipeNC.h */ = {isa = PBXFileReference; fileEncoding = 4; lastKnownFileType = sourcecode.c.h; path = TCCardSwipeNC.h; sourceTree = "<group>"; };
		84F9E8B41AC37DC1003D52E9 /* TCCardSwipeNC.m */ = {isa = PBXFileReference; fileEncoding = 4; lastKnownFileType = sourcecode.c.objc; path = TCCardSwipeNC.m; sourceTree = "<group>"; };
		99B7AE95192D50D500C1B49C /* FlipFlash.app */ = {isa = PBXFileReference; explicitFileType = wrapper.application; includeInIndex = 0; path = FlipFlash.app; sourceTree = BUILT_PRODUCTS_DIR; };
		99B7AE98192D50D500C1B49C /* Foundation.framework */ = {isa = PBXFileReference; lastKnownFileType = wrapper.framework; name = Foundation.framework; path = System/Library/Frameworks/Foundation.framework; sourceTree = SDKROOT; };
		99B7AE9A192D50D500C1B49C /* CoreGraphics.framework */ = {isa = PBXFileReference; lastKnownFileType = wrapper.framework; name = CoreGraphics.framework; path = System/Library/Frameworks/CoreGraphics.framework; sourceTree = SDKROOT; };
		99B7AE9C192D50D500C1B49C /* UIKit.framework */ = {isa = PBXFileReference; lastKnownFileType = wrapper.framework; name = UIKit.framework; path = System/Library/Frameworks/UIKit.framework; sourceTree = SDKROOT; };
		99B7AEA0192D50D500C1B49C /* Real Flash Cards-Info.plist */ = {isa = PBXFileReference; lastKnownFileType = text.plist.xml; path = "Real Flash Cards-Info.plist"; sourceTree = "<group>"; };
		99B7AEA2192D50D500C1B49C /* en */ = {isa = PBXFileReference; lastKnownFileType = text.plist.strings; name = en; path = en.lproj/InfoPlist.strings; sourceTree = "<group>"; };
		99B7AEA4192D50D500C1B49C /* main.m */ = {isa = PBXFileReference; lastKnownFileType = sourcecode.c.objc; path = main.m; sourceTree = "<group>"; };
		99B7AEA6192D50D500C1B49C /* prefix.pch */ = {isa = PBXFileReference; lastKnownFileType = sourcecode.c.h; path = prefix.pch; sourceTree = "<group>"; };
		99B7AEA7192D50D500C1B49C /* TCAppDelegate.h */ = {isa = PBXFileReference; lastKnownFileType = sourcecode.c.h; path = TCAppDelegate.h; sourceTree = "<group>"; };
		99B7AEA8192D50D500C1B49C /* TCAppDelegate.m */ = {isa = PBXFileReference; lastKnownFileType = sourcecode.c.objc; path = TCAppDelegate.m; sourceTree = "<group>"; };
		99B7AEAB192D50D500C1B49C /* Base */ = {isa = PBXFileReference; lastKnownFileType = file.storyboard; name = Base; path = Base.lproj/Main.storyboard; sourceTree = "<group>"; };
		99B7AEAD192D50D500C1B49C /* TCCardSwipeVC.h */ = {isa = PBXFileReference; lastKnownFileType = sourcecode.c.h; path = TCCardSwipeVC.h; sourceTree = "<group>"; };
		99B7AEAE192D50D500C1B49C /* TCCardSwipeVC.m */ = {isa = PBXFileReference; lastKnownFileType = sourcecode.c.objc; path = TCCardSwipeVC.m; sourceTree = "<group>"; };
		99B7AEB0192D50D500C1B49C /* Images.xcassets */ = {isa = PBXFileReference; lastKnownFileType = folder.assetcatalog; path = Images.xcassets; sourceTree = "<group>"; };
		99B7AEBF192D50D500C1B49C /* Real Flash CardsTests-Info.plist */ = {isa = PBXFileReference; lastKnownFileType = text.plist.xml; path = "Real Flash CardsTests-Info.plist"; sourceTree = "<group>"; };
		99B7AEC1192D50D500C1B49C /* en */ = {isa = PBXFileReference; lastKnownFileType = text.plist.strings; name = en; path = en.lproj/InfoPlist.strings; sourceTree = "<group>"; };
		99B7AEC3192D50D500C1B49C /* testing_swipingTests.m */ = {isa = PBXFileReference; lastKnownFileType = sourcecode.c.objc; path = testing_swipingTests.m; sourceTree = "<group>"; };
		99B7AECD192D513800C1B49C /* TCCardView.h */ = {isa = PBXFileReference; fileEncoding = 4; lastKnownFileType = sourcecode.c.h; path = TCCardView.h; sourceTree = "<group>"; };
		99B7AECE192D513800C1B49C /* TCCardView.m */ = {isa = PBXFileReference; fileEncoding = 4; lastKnownFileType = sourcecode.c.objc; path = TCCardView.m; sourceTree = "<group>"; };
/* End PBXFileReference section */

/* Begin PBXFrameworksBuildPhase section */
		99B7AE92192D50D500C1B49C /* Frameworks */ = {
			isa = PBXFrameworksBuildPhase;
			buildActionMask = 2147483647;
			files = (
				99B7AE9B192D50D500C1B49C /* CoreGraphics.framework in Frameworks */,
				84375FD11AC6C0DA008662F2 /* Fabric.framework in Frameworks */,
				99B7AE9D192D50D500C1B49C /* UIKit.framework in Frameworks */,
				84375FD01AC6C0DA008662F2 /* Crashlytics.framework in Frameworks */,
				99B7AE99192D50D500C1B49C /* Foundation.framework in Frameworks */,
			);
			runOnlyForDeploymentPostprocessing = 0;
		};
/* End PBXFrameworksBuildPhase section */

/* Begin PBXGroup section */
		84375FD41AC75702008662F2 /* Assets */ = {
			isa = PBXGroup;
			children = (
				99B7AEB0192D50D500C1B49C /* Images.xcassets */,
				84375FE31AC920F6008662F2 /* icon-29.png */,
				84375FE41AC920F6008662F2 /* icon-58.png */,
			);
			name = Assets;
			sourceTree = "<group>";
		};
		84AC4AD41AC29B0600C7392C /* VC */ = {
			isa = PBXGroup;
			children = (
				84F9E8B31AC37DC1003D52E9 /* TCCardSwipeNC.h */,
				84F9E8B41AC37DC1003D52E9 /* TCCardSwipeNC.m */,
				99B7AEAD192D50D500C1B49C /* TCCardSwipeVC.h */,
				99B7AEAE192D50D500C1B49C /* TCCardSwipeVC.m */,
				8475D1361ABD0D7C001390F2 /* TCEditCardVC.h */,
				8475D1371ABD0D7C001390F2 /* TCEditCardVC.m */,
				8475D12D1ABCF600001390F2 /* TCEditDeckVC.h */,
				8475D12E1ABCF600001390F2 /* TCEditDeckVC.m */,
				8475D13C1AC0D0FD001390F2 /* TCSelectDeckVC.h */,
				8475D13D1AC0D0FD001390F2 /* TCSelectDeckVC.m */,
				8475D13F1AC10F50001390F2 /* TCPortraitNC.h */,
				8475D1401AC10F50001390F2 /* TCPortraitNC.m */,
			);
			name = VC;
			sourceTree = "<group>";
		};
		84AC4AD51AC29B1D00C7392C /* Data */ = {
			isa = PBXGroup;
			children = (
				8475D1301ABD0A1C001390F2 /* TCDeck.h */,
				8475D1311ABD0A1C001390F2 /* TCDeck.m */,
				8475D1281ABBBDE0001390F2 /* TCCard.h */,
				8475D1291ABBBDE0001390F2 /* TCCard.m */,
				84AA5C481AC529E700F6AAE0 /* TCDeckManager.h */,
				84AA5C491AC529E700F6AAE0 /* TCDeckManager.m */,
			);
			name = Data;
			sourceTree = "<group>";
		};
		84AC4AD61AC29B2C00C7392C /* Views */ = {
			isa = PBXGroup;
			children = (
				8475D1261ABB916F001390F2 /* TCCardView.xib */,
				99B7AECD192D513800C1B49C /* TCCardView.h */,
				99B7AECE192D513800C1B49C /* TCCardView.m */,
			);
			name = Views;
			sourceTree = "<group>";
		};
		99B7AE8C192D50D500C1B49C = {
			isa = PBXGroup;
			children = (
				99B7AE9E192D50D500C1B49C /* RealFlashCards */,
				99B7AEBD192D50D500C1B49C /* RealFlashCardsTests */,
				99B7AE97192D50D500C1B49C /* Frameworks */,
				99B7AE96192D50D500C1B49C /* Products */,
			);
			sourceTree = "<group>";
		};
		99B7AE96192D50D500C1B49C /* Products */ = {
			isa = PBXGroup;
			children = (
				99B7AE95192D50D500C1B49C /* FlipFlash.app */,
			);
			name = Products;
			sourceTree = "<group>";
		};
		99B7AE97192D50D500C1B49C /* Frameworks */ = {
			isa = PBXGroup;
			children = (
				99B7AE98192D50D500C1B49C /* Foundation.framework */,
				99B7AE9A192D50D500C1B49C /* CoreGraphics.framework */,
				99B7AE9C192D50D500C1B49C /* UIKit.framework */,
			);
			name = Frameworks;
			sourceTree = "<group>";
		};
		99B7AE9E192D50D500C1B49C /* RealFlashCards */ = {
			isa = PBXGroup;
			children = (
				99B7AEA7192D50D500C1B49C /* TCAppDelegate.h */,
				99B7AEA8192D50D500C1B49C /* TCAppDelegate.m */,
				84375FDF1AC79577008662F2 /* Launch Screen.xib */,
				99B7AEAA192D50D500C1B49C /* Main.storyboard */,
				84AC4AD51AC29B1D00C7392C /* Data */,
				84AC4AD41AC29B0600C7392C /* VC */,
				84AC4AD61AC29B2C00C7392C /* Views */,
				84375FD41AC75702008662F2 /* Assets */,
				99B7AE9F192D50D500C1B49C /* Supporting */,
			);
			path = RealFlashCards;
			sourceTree = "<group>";
		};
		99B7AE9F192D50D500C1B49C /* Supporting */ = {
			isa = PBXGroup;
			children = (
				84375FCE1AC6C0DA008662F2 /* Crashlytics.framework */,
				84375FCF1AC6C0DA008662F2 /* Fabric.framework */,
				99B7AEA0192D50D500C1B49C /* Real Flash Cards-Info.plist */,
				99B7AEA1192D50D500C1B49C /* InfoPlist.strings */,
				99B7AEA4192D50D500C1B49C /* main.m */,
				99B7AEA6192D50D500C1B49C /* prefix.pch */,
			);
			name = Supporting;
			sourceTree = "<group>";
		};
		99B7AEBD192D50D500C1B49C /* RealFlashCardsTests */ = {
			isa = PBXGroup;
			children = (
				99B7AEC3192D50D500C1B49C /* testing_swipingTests.m */,
				99B7AEBE192D50D500C1B49C /* Supporting Files */,
			);
			path = RealFlashCardsTests;
			sourceTree = "<group>";
		};
		99B7AEBE192D50D500C1B49C /* Supporting Files */ = {
			isa = PBXGroup;
			children = (
				99B7AEBF192D50D500C1B49C /* Real Flash CardsTests-Info.plist */,
				99B7AEC0192D50D500C1B49C /* InfoPlist.strings */,
			);
			name = "Supporting Files";
			sourceTree = "<group>";
		};
/* End PBXGroup section */

/* Begin PBXNativeTarget section */
		99B7AE94192D50D500C1B49C /* Real Flash Cards */ = {
			isa = PBXNativeTarget;
			buildConfigurationList = 99B7AEC7192D50D500C1B49C /* Build configuration list for PBXNativeTarget "Real Flash Cards" */;
			buildPhases = (
				99B7AE91192D50D500C1B49C /* Sources */,
				99B7AE92192D50D500C1B49C /* Frameworks */,
				99B7AE93192D50D500C1B49C /* Resources */,
				84375FCD1AC6BE67008662F2 /* ShellScript */,
			);
			buildRules = (
			);
			dependencies = (
			);
			name = "Real Flash Cards";
			productName = RealFlashCards;
			productReference = 99B7AE95192D50D500C1B49C /* FlipFlash.app */;
			productType = "com.apple.product-type.application";
		};
/* End PBXNativeTarget section */

/* Begin PBXProject section */
		99B7AE8D192D50D500C1B49C /* Project object */ = {
			isa = PBXProject;
			attributes = {
				LastUpgradeCheck = 0510;
				ORGANIZATIONNAME = "Jon Kent";
				TargetAttributes = {
					99B7AE94192D50D500C1B49C = {
						DevelopmentTeam = QTJ767UH3L;
					};
				};
			};
			buildConfigurationList = 99B7AE90192D50D500C1B49C /* Build configuration list for PBXProject "Real Flash Cards" */;
			compatibilityVersion = "Xcode 3.2";
			developmentRegion = English;
			hasScannedForEncodings = 0;
			knownRegions = (
				en,
				Base,
			);
			mainGroup = 99B7AE8C192D50D500C1B49C;
			productRefGroup = 99B7AE96192D50D500C1B49C /* Products */;
			projectDirPath = "";
			projectRoot = "";
			targets = (
				99B7AE94192D50D500C1B49C /* Real Flash Cards */,
			);
		};
/* End PBXProject section */

/* Begin PBXResourcesBuildPhase section */
		99B7AE93192D50D500C1B49C /* Resources */ = {
			isa = PBXResourcesBuildPhase;
			buildActionMask = 2147483647;
			files = (
				99B7AEB1192D50D500C1B49C /* Images.xcassets in Resources */,
				99B7AEA3192D50D500C1B49C /* InfoPlist.strings in Resources */,
				8475D1271ABB916F001390F2 /* TCCardView.xib in Resources */,
				84375FE61AC920F6008662F2 /* icon-58.png in Resources */,
				99B7AEAC192D50D500C1B49C /* Main.storyboard in Resources */,
				84375FE01AC79577008662F2 /* Launch Screen.xib in Resources */,
				84375FE51AC920F6008662F2 /* icon-29.png in Resources */,
			);
			runOnlyForDeploymentPostprocessing = 0;
		};
/* End PBXResourcesBuildPhase section */

/* Begin PBXShellScriptBuildPhase section */
		84375FCD1AC6BE67008662F2 /* ShellScript */ = {
			isa = PBXShellScriptBuildPhase;
			buildActionMask = 2147483647;
			files = (
			);
			inputPaths = (
			);
			outputPaths = (
			);
			runOnlyForDeploymentPostprocessing = 0;
			shellPath = /bin/sh;
			shellScript = "./Fabric.framework/run a98f79c7c8ee97f75a1eb75eca2a8937c6d996bf 76e94afdd2357a6edb9b7e3539ab1cb25aa638c4f1299e84714cb0046123dc10";
		};
/* End PBXShellScriptBuildPhase section */

/* Begin PBXSourcesBuildPhase section */
		99B7AE91192D50D500C1B49C /* Sources */ = {
			isa = PBXSourcesBuildPhase;
			buildActionMask = 2147483647;
			files = (
				99B7AEAF192D50D500C1B49C /* TCCardSwipeVC.m in Sources */,
				8475D1411AC10F50001390F2 /* TCPortraitNC.m in Sources */,
				99B7AEA9192D50D500C1B49C /* TCAppDelegate.m in Sources */,
				84AA5C4A1AC529E700F6AAE0 /* TCDeckManager.m in Sources */,
				84F9E8B51AC37DC1003D52E9 /* TCCardSwipeNC.m in Sources */,
				99B7AECF192D513800C1B49C /* TCCardView.m in Sources */,
				8475D1381ABD0D7C001390F2 /* TCEditCardVC.m in Sources */,
				8475D12A1ABBBDE0001390F2 /* TCCard.m in Sources */,
				8475D12F1ABCF600001390F2 /* TCEditDeckVC.m in Sources */,
				99B7AEA5192D50D500C1B49C /* main.m in Sources */,
				8475D1321ABD0A1C001390F2 /* TCDeck.m in Sources */,
				8475D13E1AC0D0FD001390F2 /* TCSelectDeckVC.m in Sources */,
			);
			runOnlyForDeploymentPostprocessing = 0;
		};
/* End PBXSourcesBuildPhase section */

/* Begin PBXVariantGroup section */
		99B7AEA1192D50D500C1B49C /* InfoPlist.strings */ = {
			isa = PBXVariantGroup;
			children = (
				99B7AEA2192D50D500C1B49C /* en */,
			);
			name = InfoPlist.strings;
			sourceTree = "<group>";
		};
		99B7AEAA192D50D500C1B49C /* Main.storyboard */ = {
			isa = PBXVariantGroup;
			children = (
				99B7AEAB192D50D500C1B49C /* Base */,
			);
			name = Main.storyboard;
			sourceTree = "<group>";
		};
		99B7AEC0192D50D500C1B49C /* InfoPlist.strings */ = {
			isa = PBXVariantGroup;
			children = (
				99B7AEC1192D50D500C1B49C /* en */,
			);
			name = InfoPlist.strings;
			sourceTree = "<group>";
		};
/* End PBXVariantGroup section */

/* Begin XCBuildConfiguration section */
		99B7AEC5192D50D500C1B49C /* Debug */ = {
			isa = XCBuildConfiguration;
			buildSettings = {
				ALWAYS_SEARCH_USER_PATHS = NO;
				CLANG_CXX_LANGUAGE_STANDARD = "gnu++0x";
				CLANG_CXX_LIBRARY = "libc++";
				CLANG_ENABLE_MODULES = YES;
				CLANG_ENABLE_OBJC_ARC = YES;
				CLANG_WARN_BOOL_CONVERSION = YES;
				CLANG_WARN_CONSTANT_CONVERSION = YES;
				CLANG_WARN_DIRECT_OBJC_ISA_USAGE = YES_ERROR;
				CLANG_WARN_EMPTY_BODY = YES;
				CLANG_WARN_ENUM_CONVERSION = YES;
				CLANG_WARN_INT_CONVERSION = YES;
				CLANG_WARN_OBJC_ROOT_CLASS = YES_ERROR;
				CLANG_WARN__DUPLICATE_METHOD_MATCH = YES;
				"CODE_SIGN_IDENTITY[sdk=iphoneos*]" = "iPhone Developer";
				COPY_PHASE_STRIP = NO;
				GCC_C_LANGUAGE_STANDARD = gnu99;
				GCC_DYNAMIC_NO_PIC = NO;
				GCC_OPTIMIZATION_LEVEL = 0;
				GCC_PREPROCESSOR_DEFINITIONS = (
					"DEBUG=1",
					"$(inherited)",
				);
				GCC_SYMBOLS_PRIVATE_EXTERN = NO;
				GCC_WARN_64_TO_32_BIT_CONVERSION = YES;
				GCC_WARN_ABOUT_RETURN_TYPE = YES_ERROR;
				GCC_WARN_UNDECLARED_SELECTOR = YES;
				GCC_WARN_UNINITIALIZED_AUTOS = YES_AGGRESSIVE;
				GCC_WARN_UNUSED_FUNCTION = YES;
				GCC_WARN_UNUSED_VARIABLE = YES;
				IPHONEOS_DEPLOYMENT_TARGET = 7.1;
				ONLY_ACTIVE_ARCH = YES;
				SDKROOT = iphoneos;
			};
			name = Debug;
		};
		99B7AEC6192D50D500C1B49C /* Release */ = {
			isa = XCBuildConfiguration;
			buildSettings = {
				ALWAYS_SEARCH_USER_PATHS = NO;
				CLANG_CXX_LANGUAGE_STANDARD = "gnu++0x";
				CLANG_CXX_LIBRARY = "libc++";
				CLANG_ENABLE_MODULES = YES;
				CLANG_ENABLE_OBJC_ARC = YES;
				CLANG_WARN_BOOL_CONVERSION = YES;
				CLANG_WARN_CONSTANT_CONVERSION = YES;
				CLANG_WARN_DIRECT_OBJC_ISA_USAGE = YES_ERROR;
				CLANG_WARN_EMPTY_BODY = YES;
				CLANG_WARN_ENUM_CONVERSION = YES;
				CLANG_WARN_INT_CONVERSION = YES;
				CLANG_WARN_OBJC_ROOT_CLASS = YES_ERROR;
				CLANG_WARN__DUPLICATE_METHOD_MATCH = YES;
				"CODE_SIGN_IDENTITY[sdk=iphoneos*]" = "iPhone Developer";
				COPY_PHASE_STRIP = YES;
				ENABLE_NS_ASSERTIONS = NO;
				GCC_C_LANGUAGE_STANDARD = gnu99;
				GCC_WARN_64_TO_32_BIT_CONVERSION = YES;
				GCC_WARN_ABOUT_RETURN_TYPE = YES_ERROR;
				GCC_WARN_UNDECLARED_SELECTOR = YES;
				GCC_WARN_UNINITIALIZED_AUTOS = YES_AGGRESSIVE;
				GCC_WARN_UNUSED_FUNCTION = YES;
				GCC_WARN_UNUSED_VARIABLE = YES;
				IPHONEOS_DEPLOYMENT_TARGET = 7.1;
				SDKROOT = iphoneos;
				VALIDATE_PRODUCT = YES;
			};
			name = Release;
		};
		99B7AEC8192D50D500C1B49C /* Debug */ = {
			isa = XCBuildConfiguration;
			buildSettings = {
				ASSETCATALOG_COMPILER_APPICON_NAME = AppIcon;
				ASSETCATALOG_COMPILER_LAUNCHIMAGE_NAME = LaunchImage;
				CODE_SIGN_IDENTITY = "iPhone Developer";
				FRAMEWORK_SEARCH_PATHS = (
					"$(inherited)",
					"$(PROJECT_DIR)/RealFlashCards",
				);
				GCC_PRECOMPILE_PREFIX_HEADER = YES;
				GCC_PREFIX_HEADER = RealFlashCards/prefix.pch;
				INFOPLIST_FILE = "RealFlashCards/Real Flash Cards-Info.plist";
				PRODUCT_NAME = FlipFlash;
				TARGETED_DEVICE_FAMILY = 1;
				WRAPPER_EXTENSION = app;
			};
			name = Debug;
		};
		99B7AEC9192D50D500C1B49C /* Release */ = {
			isa = XCBuildConfiguration;
			buildSettings = {
				ASSETCATALOG_COMPILER_APPICON_NAME = AppIcon;
				ASSETCATALOG_COMPILER_LAUNCHIMAGE_NAME = LaunchImage;
				CODE_SIGN_IDENTITY = "iPhone Developer";
				FRAMEWORK_SEARCH_PATHS = (
					"$(inherited)",
					"$(PROJECT_DIR)/RealFlashCards",
				);
				GCC_PRECOMPILE_PREFIX_HEADER = YES;
				GCC_PREFIX_HEADER = RealFlashCards/prefix.pch;
				INFOPLIST_FILE = "RealFlashCards/Real Flash Cards-Info.plist";
				PRODUCT_NAME = FlipFlash;
				TARGETED_DEVICE_FAMILY = 1;
				WRAPPER_EXTENSION = app;
			};
			name = Release;
		};
/* End XCBuildConfiguration section */

/* Begin XCConfigurationList section */
		99B7AE90192D50D500C1B49C /* Build configuration list for PBXProject "Real Flash Cards" */ = {
			isa = XCConfigurationList;
			buildConfigurations = (
				99B7AEC5192D50D500C1B49C /* Debug */,
				99B7AEC6192D50D500C1B49C /* Release */,
			);
			defaultConfigurationIsVisible = 0;
			defaultConfigurationName = Release;
		};
		99B7AEC7192D50D500C1B49C /* Build configuration list for PBXNativeTarget "Real Flash Cards" */ = {
			isa = XCConfigurationList;
			buildConfigurations = (
				99B7AEC8192D50D500C1B49C /* Debug */,
				99B7AEC9192D50D500C1B49C /* Release */,
			);
			defaultConfigurationIsVisible = 0;
			defaultConfigurationName = Release;
		};
/* End XCConfigurationList section */
	};
	rootObject = 99B7AE8D192D50D500C1B49C /* Project object */;
}
